
Microsoft Visual Studio Solution File, Format Version 12.00
# Visual Studio 15
VisualStudioVersion = 15.0.28307.1145
MinimumVisualStudioVersion = 10.0.40219.1
Project("{9A19103F-16F7-4668-BE54-9A1E7A4F7556}") = "Warden", "Warden\Warden.csproj", "{680D3A73-540A-4B44-9F1A-85EEBC646DA1}"
EndProject
Project("{930C7802-8A8C-48F9-8165-68863BCCD9DD}") = "Installer", "Installer\Installer.wixproj", "{7FF31E2B-2C88-450D-941D-88829908C332}"
	ProjectSection(ProjectDependencies) = postProject
		{680D3A73-540A-4B44-9F1A-85EEBC646DA1} = {680D3A73-540A-4B44-9F1A-85EEBC646DA1}
	EndProjectSection
EndProject
Global
	GlobalSection(SolutionConfigurationPlatforms) = preSolution
		Debug|Any CPU = Debug|Any CPU
		Debug|x86 = Debug|x86
		Release|Any CPU = Release|Any CPU
		Release|x86 = Release|x86
	EndGlobalSection
	GlobalSection(ProjectConfigurationPlatforms) = postSolution
		{680D3A73-540A-4B44-9F1A-85EEBC646DA1}.Debug|Any CPU.ActiveCfg = Debug|Any CPU
		{680D3A73-540A-4B44-9F1A-85EEBC646DA1}.Debug|Any CPU.Build.0 = Debug|Any CPU
		{680D3A73-540A-4B44-9F1A-85EEBC646DA1}.Debug|x86.ActiveCfg = Debug|Any CPU
		{680D3A73-540A-4B44-9F1A-85EEBC646DA1}.Debug|x86.Build.0 = Debug|Any CPU
		{680D3A73-540A-4B44-9F1A-85EEBC646DA1}.Release|Any CPU.ActiveCfg = Release|Any CPU
		{680D3A73-540A-4B44-9F1A-85EEBC646DA1}.Release|Any CPU.Build.0 = Release|Any CPU
		{680D3A73-540A-4B44-9F1A-85EEBC646DA1}.Release|x86.ActiveCfg = Release|Any CPU
		{680D3A73-540A-4B44-9F1A-85EEBC646DA1}.Release|x86.Build.0 = Release|Any CPU
		{7FF31E2B-2C88-450D-941D-88829908C332}.Debug|Any CPU.ActiveCfg = Debug|x86
		{7FF31E2B-2C88-450D-941D-88829908C332}.Debug|x86.ActiveCfg = Debug|x86
		{7FF31E2B-2C88-450D-941D-88829908C332}.Debug|x86.Build.0 = Debug|x86
		{7FF31E2B-2C88-450D-941D-88829908C332}.Release|Any CPU.ActiveCfg = Release|x86
		{7FF31E2B-2C88-450D-941D-88829908C332}.Release|x86.ActiveCfg = Release|x86
		{7FF31E2B-2C88-450D-941D-88829908C332}.Release|x86.Build.0 = Release|x86
	EndGlobalSection
	GlobalSection(SolutionProperties) = preSolution
		HideSolutionNode = FALSE
	EndGlobalSection
	GlobalSection(ExtensibilityGlobals) = postSolution
		SolutionGuid = {9E371A9B-2CFA-482F-8F26-3F1D9F59E43B}
	EndGlobalSection
EndGlobal
